<?xml version="1.0" encoding="utf-8"?>
<Project ToolsVersion="4.0" xmlns="http://schemas.microsoft.com/developer/msbuild/2003">
  <ItemGroup>
    <Filter Include="Precompiled">
      <UniqueIdentifier>{c6013546-4b55-417d-9d8f-4a9fa1a670bd}</UniqueIdentifier>
    </Filter>
    <Filter Include="StateStack">
      <UniqueIdentifier>{a93584f3-1e3d-418d-a218-5e9751cb6e29}</UniqueIdentifier>
    </Filter>
    <Filter Include="StateStack\States">
      <UniqueIdentifier>{689447c8-db13-4d21-b1aa-80701d44c7c9}</UniqueIdentifier>
    </Filter>
  </ItemGroup>
  <ItemGroup>
    <ClInclude Include="targetver.h">
      <Filter>Precompiled</Filter>
    </ClInclude>
    <ClInclude Include="stdafx.h">
      <Filter>Precompiled</Filter>
    </ClInclude>
    <ClInclude Include="Game.h" />
    <ClInclude Include="StateStack.h">
      <Filter>StateStack</Filter>
    </ClInclude>
    <ClInclude Include="BaseState.h">
      <Filter>StateStack</Filter>
    </ClInclude>
    <ClInclude Include="InitState.h">
      <Filter>StateStack\States</Filter>
    </ClInclude>
  </ItemGroup>
  <ItemGroup>
    <ClCompile Include="stdafx.cpp">
      <Filter>Precompiled</Filter>
    </ClCompile>
    <ClCompile Include="Game.cpp" />
    <ClCompile Include="BaseState.cpp">
      <Filter>StateStack</Filter>
    </ClCompile>
    <ClCompile Include="StateStack.cpp">
      <Filter>StateStack</Filter>
    </ClCompile>
    <ClCompile Include="InitState.cpp">
      <Filter>StateStack\States</Filter>
    </ClCompile>
  </ItemGroup>
</Project>